
Microsoft Visual Studio Solution File, Format Version 12.00
# Visual Studio Version 17
VisualStudioVersion = 17.14.36511.14 d17.14
MinimumVisualStudioVersion = 10.0.40219.1
Project("{FAE04EC0-301F-11D3-BF4B-00C04F79EFBC}") = "CRUD-Role-Proj", "CRUD-Role-Proj\CRUD-Role-Proj.csproj", "{B9648656-7B89-4FB4-9EB2-15A6EE794837}"
EndProject
Global
	GlobalSection(SolutionConfigurationPlatforms) = preSolution
		Debug|Any CPU = Debug|Any CPU
		Release|Any CPU = Release|Any CPU
	EndGlobalSection
	GlobalSection(ProjectConfigurationPlatforms) = postSolution
		{B9648656-7B89-4FB4-9EB2-15A6EE794837}.Debug|Any CPU.ActiveCfg = Debug|Any CPU
		{B9648656-7B89-4FB4-9EB2-15A6EE794837}.Debug|Any CPU.Build.0 = Debug|Any CPU
		{B9648656-7B89-4FB4-9EB2-15A6EE794837}.Release|Any CPU.ActiveCfg = Release|Any CPU
		{B9648656-7B89-4FB4-9EB2-15A6EE794837}.Release|Any CPU.Build.0 = Release|Any CPU
	EndGlobalSection
	GlobalSection(SolutionProperties) = preSolution
		HideSolutionNode = FALSE
	EndGlobalSection
	GlobalSection(ExtensibilityGlobals) = postSolution
		SolutionGuid = {65D0D3E4-1CA3-44BD-BECC-1359BECDF34E}
	EndGlobalSection
EndGlobal
